
Microsoft Visual Studio Solution File, Format Version 12.00
# Visual Studio Version 17
VisualStudioVersion = 17.8.34525.116
MinimumVisualStudioVersion = 10.0.40219.1
Project("{FAE04EC0-301F-11D3-BF4B-00C04F79EFBC}") = "CChavezWPFDemo", "CChavezWPFDemo\CChavezWPFDemo.csproj", "{0FE29A61-2389-4819-B9D0-DF4CEF5EA067}"
EndProject
Global
	GlobalSection(SolutionConfigurationPlatforms) = preSolution
		Debug|Any CPU = Debug|Any CPU
		Release|Any CPU = Release|Any CPU
	EndGlobalSection
	GlobalSection(ProjectConfigurationPlatforms) = postSolution
		{0FE29A61-2389-4819-B9D0-DF4CEF5EA067}.Debug|Any CPU.ActiveCfg = Debug|Any CPU
		{0FE29A61-2389-4819-B9D0-DF4CEF5EA067}.Debug|Any CPU.Build.0 = Debug|Any CPU
		{0FE29A61-2389-4819-B9D0-DF4CEF5EA067}.Release|Any CPU.ActiveCfg = Release|Any CPU
		{0FE29A61-2389-4819-B9D0-DF4CEF5EA067}.Release|Any CPU.Build.0 = Release|Any CPU
	EndGlobalSection
	GlobalSection(SolutionProperties) = preSolution
		HideSolutionNode = FALSE
	EndGlobalSection
	GlobalSection(ExtensibilityGlobals) = postSolution
		SolutionGuid = {7E551BDC-E863-4BAF-A6B7-D581A90778AF}
	EndGlobalSection
EndGlobal
